// !$*UTF8*$!
{
	archiveVersion = 1;
	classes = {
	};
	objectVersion = 46;
	objects = {

/* Begin PBXBuildFile section */
		BF219D08124DE27600D628A2 /* TeachingViewController.m in Sources */ = {isa = PBXBuildFile; fileRef = BF219D06124DE27600D628A2 /* TeachingViewController.m */; };
		BF219D09124DE27600D628A2 /* TeachingViewController.xib in Resources */ = {isa = PBXBuildFile; fileRef = BF219D07124DE27600D628A2 /* TeachingViewController.xib */; };
		BF3F91DC124680560029577C /* ProgressionAlert.m in Sources */ = {isa = PBXBuildFile; fileRef = BF3F91DB124680560029577C /* ProgressionAlert.m */; };
		BF41F0AC123EA7C900D8A3DE /* XMLParserGroupeUE.m in Sources */ = {isa = PBXBuildFile; fileRef = BF41F0AB123EA7C900D8A3DE /* XMLParserGroupeUE.m */; };
		BF4378FA12465B5D00708EC9 /* UECellView.m in Sources */ = {isa = PBXBuildFile; fileRef = BF4378F912465B5C00708EC9 /* UECellView.m */; };
		BF58DB3712466E0000C36274 /* README in Resources */ = {isa = PBXBuildFile; fileRef = BF58DB3612466E0000C36274 /* README */; };
		BF66D8B2123D0D3900CAA11E /* UIKit.framework in Frameworks */ = {isa = PBXBuildFile; fileRef = BF66D8B1123D0D3900CAA11E /* UIKit.framework */; };
		BF66D8B4123D0D3900CAA11E /* Foundation.framework in Frameworks */ = {isa = PBXBuildFile; fileRef = BF66D8B3123D0D3900CAA11E /* Foundation.framework */; };
		BF66D8B6123D0D3900CAA11E /* CoreGraphics.framework in Frameworks */ = {isa = PBXBuildFile; fileRef = BF66D8B5123D0D3900CAA11E /* CoreGraphics.framework */; };
		BF66D8BB123D0D3900CAA11E /* InfoPlist.strings in Resources */ = {isa = PBXBuildFile; fileRef = BF66D8B9123D0D3900CAA11E /* InfoPlist.strings */; };
		BF66D8BD123D0D3900CAA11E /* main.m in Sources */ = {isa = PBXBuildFile; fileRef = BF66D8BC123D0D3900CAA11E /* main.m */; };
		BF66D8C0123D0D3900CAA11E /* UM2_CalAppDelegate.m in Sources */ = {isa = PBXBuildFile; fileRef = BF66D8BF123D0D3900CAA11E /* UM2_CalAppDelegate.m */; };
		BF66D8C3123D0D3900CAA11E /* MainWindow.xib in Resources */ = {isa = PBXBuildFile; fileRef = BF66D8C1123D0D3900CAA11E /* MainWindow.xib */; };
		BF66D8C6123D0D3A00CAA11E /* RootViewController.m in Sources */ = {isa = PBXBuildFile; fileRef = BF66D8C5123D0D3A00CAA11E /* RootViewController.m */; };
		BF66D8C9123D0D3A00CAA11E /* RootViewController.xib in Resources */ = {isa = PBXBuildFile; fileRef = BF66D8C7123D0D3A00CAA11E /* RootViewController.xib */; };
		BF66D8DC123D10ED00CAA11E /* Cours.m in Sources */ = {isa = PBXBuildFile; fileRef = BF66D8DB123D10ED00CAA11E /* Cours.m */; };
		BF66D8DE123D167900CAA11E /* icon.png in Resources */ = {isa = PBXBuildFile; fileRef = BF66D8DD123D167800CAA11E /* icon.png */; };
		BF795C2D1256763300AF9D13 /* GroupViewController.m in Sources */ = {isa = PBXBuildFile; fileRef = BF795C2B1256763300AF9D13 /* GroupViewController.m */; };
		BF795C2E1256763300AF9D13 /* GroupViewController.xib in Resources */ = {isa = PBXBuildFile; fileRef = BF795C2C1256763300AF9D13 /* GroupViewController.xib */; };
		BF8A2C101246579C00F588D9 /* DetailViewController.m in Sources */ = {isa = PBXBuildFile; fileRef = BF8A2C0E1246579C00F588D9 /* DetailViewController.m */; };
		BF8A2C14124658F600F588D9 /* DetailView.m in Sources */ = {isa = PBXBuildFile; fileRef = BF8A2C13124658F600F588D9 /* DetailView.m */; };
		BF8A2C161246593C00F588D9 /* CellDetail.xib in Resources */ = {isa = PBXBuildFile; fileRef = BF8A2C151246593C00F588D9 /* CellDetail.xib */; };
		BFAED97B123D7037002EF349 /* UniteEnseignement.m in Sources */ = {isa = PBXBuildFile; fileRef = BFAED97A123D7037002EF349 /* UniteEnseignement.m */; };
		BFAED97E123D757E002EF349 /* UniteEnseignements.m in Sources */ = {isa = PBXBuildFile; fileRef = BFAED97D123D757E002EF349 /* UniteEnseignements.m */; };
		BFAED98B123D7C9D002EF349 /* NSObject+SBJSON.m in Sources */ = {isa = PBXBuildFile; fileRef = BFAED982123D7C9D002EF349 /* NSObject+SBJSON.m */; };
		BFAED98C123D7C9D002EF349 /* NSString+SBJSON.m in Sources */ = {isa = PBXBuildFile; fileRef = BFAED984123D7C9D002EF349 /* NSString+SBJSON.m */; };
		BFAED98D123D7C9D002EF349 /* SBJsonBase.m in Sources */ = {isa = PBXBuildFile; fileRef = BFAED986123D7C9D002EF349 /* SBJsonBase.m */; };
		BFAED98E123D7C9D002EF349 /* SBJsonParser.m in Sources */ = {isa = PBXBuildFile; fileRef = BFAED988123D7C9D002EF349 /* SBJsonParser.m */; };
		BFAED98F123D7C9D002EF349 /* SBJsonWriter.m in Sources */ = {isa = PBXBuildFile; fileRef = BFAED98A123D7C9D002EF349 /* SBJsonWriter.m */; };
		BFAED992123D80E4002EF349 /* XMLParserUE.m in Sources */ = {isa = PBXBuildFile; fileRef = BFAED991123D80E4002EF349 /* XMLParserUE.m */; };
		BFF254A91246866E00EBF77B /* Cell.xib in Resources */ = {isa = PBXBuildFile; fileRef = BFF254A71246866E00EBF77B /* Cell.xib */; };
		BFF254AA1246866E00EBF77B /* DetailView.xib in Resources */ = {isa = PBXBuildFile; fileRef = BFF254A81246866E00EBF77B /* DetailView.xib */; };
		BFF9FE6C123D300E0003DDC9 /* GroupeUE.m in Sources */ = {isa = PBXBuildFile; fileRef = BFF9FE6B123D300E0003DDC9 /* GroupeUE.m */; };
/* End PBXBuildFile section */

/* Begin PBXFileReference section */
		BF219D05124DE27600D628A2 /* TeachingViewController.h */ = {isa = PBXFileReference; fileEncoding = 4; lastKnownFileType = sourcecode.c.h; name = TeachingViewController.h; path = Controllers/TeachingViewController.h; sourceTree = "<group>"; };
		BF219D06124DE27600D628A2 /* TeachingViewController.m */ = {isa = PBXFileReference; fileEncoding = 4; lastKnownFileType = sourcecode.c.objc; name = TeachingViewController.m; path = Controllers/TeachingViewController.m; sourceTree = "<group>"; };
		BF219D07124DE27600D628A2 /* TeachingViewController.xib */ = {isa = PBXFileReference; fileEncoding = 4; lastKnownFileType = file.xib; name = TeachingViewController.xib; path = Classes/Controllers/TeachingViewController.xib; sourceTree = "<group>"; };
		BF3F91DA124680560029577C /* ProgressionAlert.h */ = {isa = PBXFileReference; fileEncoding = 4; lastKnownFileType = sourcecode.c.h; path = ProgressionAlert.h; sourceTree = "<group>"; };
		BF3F91DB124680560029577C /* ProgressionAlert.m */ = {isa = PBXFileReference; fileEncoding = 4; lastKnownFileType = sourcecode.c.objc; path = ProgressionAlert.m; sourceTree = "<group>"; };
		BF41F0AA123EA7C900D8A3DE /* XMLParserGroupeUE.h */ = {isa = PBXFileReference; fileEncoding = 4; lastKnownFileType = sourcecode.c.h; lineEnding = 0; path = XMLParserGroupeUE.h; sourceTree = "<group>"; };
		BF41F0AB123EA7C900D8A3DE /* XMLParserGroupeUE.m */ = {isa = PBXFileReference; fileEncoding = 4; lastKnownFileType = sourcecode.c.objc; lineEnding = 0; path = XMLParserGroupeUE.m; sourceTree = "<group>"; };
		BF4378F812465B5C00708EC9 /* UECellView.h */ = {isa = PBXFileReference; fileEncoding = 4; lastKnownFileType = sourcecode.c.h; name = UECellView.h; path = Views/UECellView.h; sourceTree = "<group>"; };
		BF4378F912465B5C00708EC9 /* UECellView.m */ = {isa = PBXFileReference; fileEncoding = 4; lastKnownFileType = sourcecode.c.objc; name = UECellView.m; path = Views/UECellView.m; sourceTree = "<group>"; };
		BF58DB3612466E0000C36274 /* README */ = {isa = PBXFileReference; fileEncoding = 4; lastKnownFileType = text; path = README; sourceTree = "<group>"; };
		BF66D8AE123D0D3900CAA11E /* UM2 Cal.app */ = {isa = PBXFileReference; explicitFileType = wrapper.application; includeInIndex = 0; path = "UM2 Cal.app"; sourceTree = BUILT_PRODUCTS_DIR; };
		BF66D8B1123D0D3900CAA11E /* UIKit.framework */ = {isa = PBXFileReference; lastKnownFileType = wrapper.framework; name = UIKit.framework; path = System/Library/Frameworks/UIKit.framework; sourceTree = SDKROOT; };
		BF66D8B3123D0D3900CAA11E /* Foundation.framework */ = {isa = PBXFileReference; lastKnownFileType = wrapper.framework; name = Foundation.framework; path = System/Library/Frameworks/Foundation.framework; sourceTree = SDKROOT; };
		BF66D8B5123D0D3900CAA11E /* CoreGraphics.framework */ = {isa = PBXFileReference; lastKnownFileType = wrapper.framework; name = CoreGraphics.framework; path = System/Library/Frameworks/CoreGraphics.framework; sourceTree = SDKROOT; };
		BF66D8B7123D0D3900CAA11E /* UM2_Cal-Info.plist */ = {isa = PBXFileReference; lastKnownFileType = text.plist.xml; path = "UM2_Cal-Info.plist"; sourceTree = "<group>"; };
		BF66D8B8123D0D3900CAA11E /* UM2_Cal_Prefix.pch */ = {isa = PBXFileReference; lastKnownFileType = sourcecode.c.h; path = UM2_Cal_Prefix.pch; sourceTree = "<group>"; };
		BF66D8BA123D0D3900CAA11E /* en */ = {isa = PBXFileReference; lastKnownFileType = text.plist.strings; name = en; path = en.lproj/InfoPlist.strings; sourceTree = "<group>"; };
		BF66D8BC123D0D3900CAA11E /* main.m */ = {isa = PBXFileReference; lastKnownFileType = sourcecode.c.objc; path = main.m; sourceTree = "<group>"; };
		BF66D8BE123D0D3900CAA11E /* UM2_CalAppDelegate.h */ = {isa = PBXFileReference; lastKnownFileType = sourcecode.c.h; path = UM2_CalAppDelegate.h; sourceTree = "<group>"; };
		BF66D8BF123D0D3900CAA11E /* UM2_CalAppDelegate.m */ = {isa = PBXFileReference; lastKnownFileType = sourcecode.c.objc; path = UM2_CalAppDelegate.m; sourceTree = "<group>"; };
		BF66D8C2123D0D3900CAA11E /* en */ = {isa = PBXFileReference; lastKnownFileType = file.xib; name = en; path = en.lproj/MainWindow.xib; sourceTree = "<group>"; };
		BF66D8C4123D0D3900CAA11E /* RootViewController.h */ = {isa = PBXFileReference; lastKnownFileType = sourcecode.c.h; path = RootViewController.h; sourceTree = "<group>"; };
		BF66D8C5123D0D3A00CAA11E /* RootViewController.m */ = {isa = PBXFileReference; fileEncoding = 4; lastKnownFileType = sourcecode.c.objc; path = RootViewController.m; sourceTree = "<group>"; };
		BF66D8C8123D0D3A00CAA11E /* en */ = {isa = PBXFileReference; lastKnownFileType = file.xib; name = en; path = en.lproj/RootViewController.xib; sourceTree = "<group>"; };
		BF66D8DA123D10ED00CAA11E /* Cours.h */ = {isa = PBXFileReference; fileEncoding = 4; lastKnownFileType = sourcecode.c.h; name = Cours.h; path = Models/Cours.h; sourceTree = "<group>"; };
		BF66D8DB123D10ED00CAA11E /* Cours.m */ = {isa = PBXFileReference; fileEncoding = 4; lastKnownFileType = sourcecode.c.objc; name = Cours.m; path = Models/Cours.m; sourceTree = "<group>"; };
		BF66D8DD123D167800CAA11E /* icon.png */ = {isa = PBXFileReference; lastKnownFileType = image.png; path = icon.png; sourceTree = "<group>"; };
		BF66D8E1123D2DB800CAA11E /* Constant.h */ = {isa = PBXFileReference; fileEncoding = 4; lastKnownFileType = sourcecode.c.h; name = Constant.h; path = Classes/Constant.h; sourceTree = "<group>"; };
		BF795C2A1256763300AF9D13 /* GroupViewController.h */ = {isa = PBXFileReference; fileEncoding = 4; lastKnownFileType = sourcecode.c.h; name = GroupViewController.h; path = Controllers/GroupViewController.h; sourceTree = "<group>"; };
		BF795C2B1256763300AF9D13 /* GroupViewController.m */ = {isa = PBXFileReference; fileEncoding = 4; lastKnownFileType = sourcecode.c.objc; name = GroupViewController.m; path = Controllers/GroupViewController.m; sourceTree = "<group>"; };
		BF795C2C1256763300AF9D13 /* GroupViewController.xib */ = {isa = PBXFileReference; fileEncoding = 4; lastKnownFileType = file.xib; name = GroupViewController.xib; path = Classes/Controllers/GroupViewController.xib; sourceTree = "<group>"; };
		BF8A2C0D1246579B00F588D9 /* DetailViewController.h */ = {isa = PBXFileReference; fileEncoding = 4; lastKnownFileType = sourcecode.c.h; name = DetailViewController.h; path = Controllers/DetailViewController.h; sourceTree = "<group>"; };
		BF8A2C0E1246579C00F588D9 /* DetailViewController.m */ = {isa = PBXFileReference; fileEncoding = 4; lastKnownFileType = sourcecode.c.objc; name = DetailViewController.m; path = Controllers/DetailViewController.m; sourceTree = "<group>"; };
		BF8A2C12124658F600F588D9 /* DetailView.h */ = {isa = PBXFileReference; fileEncoding = 4; lastKnownFileType = sourcecode.c.h; name = DetailView.h; path = Views/DetailView.h; sourceTree = "<group>"; };
		BF8A2C13124658F600F588D9 /* DetailView.m */ = {isa = PBXFileReference; fileEncoding = 4; lastKnownFileType = sourcecode.c.objc; name = DetailView.m; path = Views/DetailView.m; sourceTree = "<group>"; };
		BF8A2C151246593C00F588D9 /* CellDetail.xib */ = {isa = PBXFileReference; fileEncoding = 4; lastKnownFileType = file.xib; name = CellDetail.xib; path = Classes/Views/CellDetail.xib; sourceTree = "<group>"; };
		BFAED979123D7037002EF349 /* UniteEnseignement.h */ = {isa = PBXFileReference; fileEncoding = 4; lastKnownFileType = sourcecode.c.h; name = UniteEnseignement.h; path = Models/UniteEnseignement.h; sourceTree = "<group>"; };
		BFAED97A123D7037002EF349 /* UniteEnseignement.m */ = {isa = PBXFileReference; fileEncoding = 4; lastKnownFileType = sourcecode.c.objc; name = UniteEnseignement.m; path = Models/UniteEnseignement.m; sourceTree = "<group>"; };
		BFAED97C123D757E002EF349 /* UniteEnseignements.h */ = {isa = PBXFileReference; fileEncoding = 4; lastKnownFileType = sourcecode.c.h; name = UniteEnseignements.h; path = Models/UniteEnseignements.h; sourceTree = "<group>"; };
		BFAED97D123D757E002EF349 /* UniteEnseignements.m */ = {isa = PBXFileReference; fileEncoding = 4; lastKnownFileType = sourcecode.c.objc; name = UniteEnseignements.m; path = Models/UniteEnseignements.m; sourceTree = "<group>"; };
		BFAED980123D7C9D002EF349 /* JSON.h */ = {isa = PBXFileReference; fileEncoding = 4; lastKnownFileType = sourcecode.c.h; lineEnding = 0; path = JSON.h; sourceTree = "<group>"; };
		BFAED981123D7C9D002EF349 /* NSObject+SBJSON.h */ = {isa = PBXFileReference; fileEncoding = 4; lastKnownFileType = sourcecode.c.h; path = "NSObject+SBJSON.h"; sourceTree = "<group>"; };
		BFAED982123D7C9D002EF349 /* NSObject+SBJSON.m */ = {isa = PBXFileReference; fileEncoding = 4; lastKnownFileType = sourcecode.c.objc; path = "NSObject+SBJSON.m"; sourceTree = "<group>"; };
		BFAED983123D7C9D002EF349 /* NSString+SBJSON.h */ = {isa = PBXFileReference; fileEncoding = 4; lastKnownFileType = sourcecode.c.h; path = "NSString+SBJSON.h"; sourceTree = "<group>"; };
		BFAED984123D7C9D002EF349 /* NSString+SBJSON.m */ = {isa = PBXFileReference; fileEncoding = 4; lastKnownFileType = sourcecode.c.objc; lineEnding = 0; path = "NSString+SBJSON.m"; sourceTree = "<group>"; };
		BFAED985123D7C9D002EF349 /* SBJsonBase.h */ = {isa = PBXFileReference; fileEncoding = 4; lastKnownFileType = sourcecode.c.h; lineEnding = 0; path = SBJsonBase.h; sourceTree = "<group>"; };
		BFAED986123D7C9D002EF349 /* SBJsonBase.m */ = {isa = PBXFileReference; fileEncoding = 4; lastKnownFileType = sourcecode.c.objc; path = SBJsonBase.m; sourceTree = "<group>"; };
		BFAED987123D7C9D002EF349 /* SBJsonParser.h */ = {isa = PBXFileReference; fileEncoding = 4; lastKnownFileType = sourcecode.c.h; lineEnding = 0; path = SBJsonParser.h; sourceTree = "<group>"; };
		BFAED988123D7C9D002EF349 /* SBJsonParser.m */ = {isa = PBXFileReference; fileEncoding = 4; lastKnownFileType = sourcecode.c.objc; lineEnding = 0; path = SBJsonParser.m; sourceTree = "<group>"; };
		BFAED989123D7C9D002EF349 /* SBJsonWriter.h */ = {isa = PBXFileReference; fileEncoding = 4; lastKnownFileType = sourcecode.c.h; path = SBJsonWriter.h; sourceTree = "<group>"; };
		BFAED98A123D7C9D002EF349 /* SBJsonWriter.m */ = {isa = PBXFileReference; fileEncoding = 4; lastKnownFileType = sourcecode.c.objc; path = SBJsonWriter.m; sourceTree = "<group>"; };
		BFAED990123D80E4002EF349 /* XMLParserUE.h */ = {isa = PBXFileReference; fileEncoding = 4; lastKnownFileType = sourcecode.c.h; lineEnding = 0; path = XMLParserUE.h; sourceTree = "<group>"; };
		BFAED991123D80E4002EF349 /* XMLParserUE.m */ = {isa = PBXFileReference; fileEncoding = 4; lastKnownFileType = sourcecode.c.objc; lineEnding = 0; path = XMLParserUE.m; sourceTree = "<group>"; };
		BFF254A71246866E00EBF77B /* Cell.xib */ = {isa = PBXFileReference; fileEncoding = 4; lastKnownFileType = file.xib; name = Cell.xib; path = Classes/Views/Cell.xib; sourceTree = "<group>"; };
		BFF254A81246866E00EBF77B /* DetailView.xib */ = {isa = PBXFileReference; fileEncoding = 4; lastKnownFileType = file.xib; name = DetailView.xib; path = Classes/Views/DetailView.xib; sourceTree = "<group>"; };
		BFF9FE6A123D300E0003DDC9 /* GroupeUE.h */ = {isa = PBXFileReference; fileEncoding = 4; lastKnownFileType = sourcecode.c.h; name = GroupeUE.h; path = Models/GroupeUE.h; sourceTree = "<group>"; };
		BFF9FE6B123D300E0003DDC9 /* GroupeUE.m */ = {isa = PBXFileReference; fileEncoding = 4; lastKnownFileType = sourcecode.c.objc; name = GroupeUE.m; path = Models/GroupeUE.m; sourceTree = "<group>"; };
/* End PBXFileReference section */

/* Begin PBXFrameworksBuildPhase section */
		BF66D8AB123D0D3900CAA11E /* Frameworks */ = {
			isa = PBXFrameworksBuildPhase;
			buildActionMask = 2147483647;
			files = (
				BF66D8B2123D0D3900CAA11E /* UIKit.framework in Frameworks */,
				BF66D8B4123D0D3900CAA11E /* Foundation.framework in Frameworks */,
				BF66D8B6123D0D3900CAA11E /* CoreGraphics.framework in Frameworks */,
			);
			runOnlyForDeploymentPostprocessing = 0;
		};
/* End PBXFrameworksBuildPhase section */

/* Begin PBXGroup section */
		BF120DA212462C9700217FCF /* Controllers */ = {
			isa = PBXGroup;
			children = (
				BF219D05124DE27600D628A2 /* TeachingViewController.h */,
				BF219D06124DE27600D628A2 /* TeachingViewController.m */,
				BF795C2A1256763300AF9D13 /* GroupViewController.h */,
				BF795C2B1256763300AF9D13 /* GroupViewController.m */,
				BF8A2C0D1246579B00F588D9 /* DetailViewController.h */,
				BF8A2C0E1246579C00F588D9 /* DetailViewController.m */,
			);
			name = Controllers;
			sourceTree = "<group>";
		};
		BF66D89F123D0D3900CAA11E = {
			isa = PBXGroup;
			children = (
				BF66D8A6123D0D3900CAA11E /* Classes */,
				BF66D8A7123D0D3900CAA11E /* Other Sources */,
				BF66D8A8123D0D3900CAA11E /* Resources */,
				BF66D8A9123D0D3900CAA11E /* Frameworks */,
				BF66D8AF123D0D3900CAA11E /* Products */,
			);
			sourceTree = "<group>";
		};
		BF66D8A6123D0D3900CAA11E /* Classes */ = {
			isa = PBXGroup;
			children = (
				BFAED97F123D7C9D002EF349 /* JSON */,
				BF66D8D8123D0FBB00CAA11E /* Models */,
				BF120DA212462C9700217FCF /* Controllers */,
				BF8A2C0C124656F500F588D9 /* Views */,
				BF66D8BE123D0D3900CAA11E /* UM2_CalAppDelegate.h */,
				BF66D8BF123D0D3900CAA11E /* UM2_CalAppDelegate.m */,
				BF66D8C4123D0D3900CAA11E /* RootViewController.h */,
				BF66D8C5123D0D3A00CAA11E /* RootViewController.m */,
				BFAED990123D80E4002EF349 /* XMLParserUE.h */,
				BFAED991123D80E4002EF349 /* XMLParserUE.m */,
				BF41F0AA123EA7C900D8A3DE /* XMLParserGroupeUE.h */,
				BF41F0AB123EA7C900D8A3DE /* XMLParserGroupeUE.m */,
				BF3F91DA124680560029577C /* ProgressionAlert.h */,
				BF3F91DB124680560029577C /* ProgressionAlert.m */,
			);
			path = Classes;
			sourceTree = "<group>";
		};
		BF66D8A7123D0D3900CAA11E /* Other Sources */ = {
			isa = PBXGroup;
			children = (
				BF58DB3612466E0000C36274 /* README */,
				BF66D8E1123D2DB800CAA11E /* Constant.h */,
				BF66D8B8123D0D3900CAA11E /* UM2_Cal_Prefix.pch */,
				BF66D8BC123D0D3900CAA11E /* main.m */,
			);
			name = "Other Sources";
			sourceTree = "<group>";
		};
		BF66D8A8123D0D3900CAA11E /* Resources */ = {
			isa = PBXGroup;
			children = (
				BF66D8DD123D167800CAA11E /* icon.png */,
				BF66D8B7123D0D3900CAA11E /* UM2_Cal-Info.plist */,
				BF66D8B9123D0D3900CAA11E /* InfoPlist.strings */,
				BF66D8C1123D0D3900CAA11E /* MainWindow.xib */,
				BF8A2C151246593C00F588D9 /* CellDetail.xib */,
				BF66D8C7123D0D3A00CAA11E /* RootViewController.xib */,
				BFF254A71246866E00EBF77B /* Cell.xib */,
				BF219D07124DE27600D628A2 /* TeachingViewController.xib */,
				BF795C2C1256763300AF9D13 /* GroupViewController.xib */,
				BFF254A81246866E00EBF77B /* DetailView.xib */,
			);
			name = Resources;
			sourceTree = "<group>";
		};
		BF66D8A9123D0D3900CAA11E /* Frameworks */ = {
			isa = PBXGroup;
			children = (
				BF66D8B1123D0D3900CAA11E /* UIKit.framework */,
				BF66D8B3123D0D3900CAA11E /* Foundation.framework */,
				BF66D8B5123D0D3900CAA11E /* CoreGraphics.framework */,
			);
			name = Frameworks;
			sourceTree = "<group>";
		};
		BF66D8AF123D0D3900CAA11E /* Products */ = {
			isa = PBXGroup;
			children = (
				BF66D8AE123D0D3900CAA11E /* UM2 Cal.app */,
			);
			name = Products;
			sourceTree = "<group>";
		};
		BF66D8D8123D0FBB00CAA11E /* Models */ = {
			isa = PBXGroup;
			children = (
				BFAED97C123D757E002EF349 /* UniteEnseignements.h */,
				BFAED97D123D757E002EF349 /* UniteEnseignements.m */,
				BFAED979123D7037002EF349 /* UniteEnseignement.h */,
				BFAED97A123D7037002EF349 /* UniteEnseignement.m */,
				BFF9FE6A123D300E0003DDC9 /* GroupeUE.h */,
				BFF9FE6B123D300E0003DDC9 /* GroupeUE.m */,
				BF66D8DA123D10ED00CAA11E /* Cours.h */,
				BF66D8DB123D10ED00CAA11E /* Cours.m */,
			);
			name = Models;
			sourceTree = "<group>";
		};
		BF8A2C0C124656F500F588D9 /* Views */ = {
			isa = PBXGroup;
			children = (
				BF4378F812465B5C00708EC9 /* UECellView.h */,
				BF4378F912465B5C00708EC9 /* UECellView.m */,
				BF8A2C12124658F600F588D9 /* DetailView.h */,
				BF8A2C13124658F600F588D9 /* DetailView.m */,
			);
			name = Views;
			sourceTree = "<group>";
		};
		BFAED97F123D7C9D002EF349 /* JSON */ = {
			isa = PBXGroup;
			children = (
				BFAED980123D7C9D002EF349 /* JSON.h */,
				BFAED981123D7C9D002EF349 /* NSObject+SBJSON.h */,
				BFAED982123D7C9D002EF349 /* NSObject+SBJSON.m */,
				BFAED983123D7C9D002EF349 /* NSString+SBJSON.h */,
				BFAED984123D7C9D002EF349 /* NSString+SBJSON.m */,
				BFAED985123D7C9D002EF349 /* SBJsonBase.h */,
				BFAED986123D7C9D002EF349 /* SBJsonBase.m */,
				BFAED987123D7C9D002EF349 /* SBJsonParser.h */,
				BFAED988123D7C9D002EF349 /* SBJsonParser.m */,
				BFAED989123D7C9D002EF349 /* SBJsonWriter.h */,
				BFAED98A123D7C9D002EF349 /* SBJsonWriter.m */,
			);
			path = JSON;
			sourceTree = "<group>";
		};
/* End PBXGroup section */

/* Begin PBXNativeTarget section */
		BF66D8AD123D0D3900CAA11E /* UM2 Cal */ = {
			isa = PBXNativeTarget;
			buildConfigurationList = BF66D8CC123D0D3A00CAA11E /* Build configuration list for PBXNativeTarget "UM2 Cal" */;
			buildPhases = (
				BF66D8AA123D0D3900CAA11E /* Sources */,
				BF66D8AB123D0D3900CAA11E /* Frameworks */,
				BF66D8AC123D0D3900CAA11E /* Resources */,
			);
			buildRules = (
			);
			dependencies = (
			);
			name = "UM2 Cal";
			productName = "UM2 Cal";
			productReference = BF66D8AE123D0D3900CAA11E /* UM2 Cal.app */;
			productType = "com.apple.product-type.application";
		};
/* End PBXNativeTarget section */

/* Begin PBXProject section */
		BF66D8A1123D0D3900CAA11E /* Project object */ = {
			isa = PBXProject;
			attributes = {
				ORGANIZATIONNAME = "Universite Montpellier 2";
			};
			buildConfigurationList = BF66D8A4123D0D3900CAA11E /* Build configuration list for PBXProject "UM2 Cal" */;
			compatibilityVersion = "Xcode 3.2";
			developmentRegion = English;
			hasScannedForEncodings = 0;
			knownRegions = (
				en,
			);
			mainGroup = BF66D89F123D0D3900CAA11E;
			productRefGroup = BF66D8AF123D0D3900CAA11E /* Products */;
			projectDirPath = "";
			projectRoot = "";
			targets = (
				BF66D8AD123D0D3900CAA11E /* UM2 Cal */,
			);
		};
/* End PBXProject section */

/* Begin PBXResourcesBuildPhase section */
		BF66D8AC123D0D3900CAA11E /* Resources */ = {
			isa = PBXResourcesBuildPhase;
			buildActionMask = 2147483647;
			files = (
				BF66D8BB123D0D3900CAA11E /* InfoPlist.strings in Resources */,
				BF66D8C3123D0D3900CAA11E /* MainWindow.xib in Resources */,
				BF66D8C9123D0D3A00CAA11E /* RootViewController.xib in Resources */,
				BF66D8DE123D167900CAA11E /* icon.png in Resources */,
				BF8A2C161246593C00F588D9 /* CellDetail.xib in Resources */,
				BF58DB3712466E0000C36274 /* README in Resources */,
				BFF254A91246866E00EBF77B /* Cell.xib in Resources */,
				BFF254AA1246866E00EBF77B /* DetailView.xib in Resources */,
				BF219D09124DE27600D628A2 /* TeachingViewController.xib in Resources */,
				BF795C2E1256763300AF9D13 /* GroupViewController.xib in Resources */,
			);
			runOnlyForDeploymentPostprocessing = 0;
		};
/* End PBXResourcesBuildPhase section */

/* Begin PBXSourcesBuildPhase section */
		BF66D8AA123D0D3900CAA11E /* Sources */ = {
			isa = PBXSourcesBuildPhase;
			buildActionMask = 2147483647;
			files = (
				BF66D8BD123D0D3900CAA11E /* main.m in Sources */,
				BF66D8C0123D0D3900CAA11E /* UM2_CalAppDelegate.m in Sources */,
				BF66D8C6123D0D3A00CAA11E /* RootViewController.m in Sources */,
				BF66D8DC123D10ED00CAA11E /* Cours.m in Sources */,
				BFF9FE6C123D300E0003DDC9 /* GroupeUE.m in Sources */,
				BFAED97B123D7037002EF349 /* UniteEnseignement.m in Sources */,
				BFAED97E123D757E002EF349 /* UniteEnseignements.m in Sources */,
				BFAED98B123D7C9D002EF349 /* NSObject+SBJSON.m in Sources */,
				BFAED98C123D7C9D002EF349 /* NSString+SBJSON.m in Sources */,
				BFAED98D123D7C9D002EF349 /* SBJsonBase.m in Sources */,
				BFAED98E123D7C9D002EF349 /* SBJsonParser.m in Sources */,
				BFAED98F123D7C9D002EF349 /* SBJsonWriter.m in Sources */,
				BFAED992123D80E4002EF349 /* XMLParserUE.m in Sources */,
				BF41F0AC123EA7C900D8A3DE /* XMLParserGroupeUE.m in Sources */,
				BF8A2C101246579C00F588D9 /* DetailViewController.m in Sources */,
				BF8A2C14124658F600F588D9 /* DetailView.m in Sources */,
				BF4378FA12465B5D00708EC9 /* UECellView.m in Sources */,
				BF3F91DC124680560029577C /* ProgressionAlert.m in Sources */,
				BF219D08124DE27600D628A2 /* TeachingViewController.m in Sources */,
				BF795C2D1256763300AF9D13 /* GroupViewController.m in Sources */,
			);
			runOnlyForDeploymentPostprocessing = 0;
		};
/* End PBXSourcesBuildPhase section */

/* Begin PBXVariantGroup section */
		BF66D8B9123D0D3900CAA11E /* InfoPlist.strings */ = {
			isa = PBXVariantGroup;
			children = (
				BF66D8BA123D0D3900CAA11E /* en */,
			);
			name = InfoPlist.strings;
			sourceTree = "<group>";
		};
		BF66D8C1123D0D3900CAA11E /* MainWindow.xib */ = {
			isa = PBXVariantGroup;
			children = (
				BF66D8C2123D0D3900CAA11E /* en */,
			);
			name = MainWindow.xib;
			sourceTree = "<group>";
		};
		BF66D8C7123D0D3A00CAA11E /* RootViewController.xib */ = {
			isa = PBXVariantGroup;
			children = (
				BF66D8C8123D0D3A00CAA11E /* en */,
			);
			name = RootViewController.xib;
			sourceTree = "<group>";
		};
/* End PBXVariantGroup section */

/* Begin XCBuildConfiguration section */
		BF66D8CA123D0D3A00CAA11E /* Debug */ = {
			isa = XCBuildConfiguration;
			buildSettings = {
				ARCHS = "$(ARCHS_STANDARD_32_BIT)";
				"CODE_SIGN_IDENTITY[sdk=iphoneos*]" = "iPhone Developer";
				GCC_C_LANGUAGE_STANDARD = gnu99;
				GCC_OPTIMIZATION_LEVEL = 0;
				GCC_PREPROCESSOR_DEFINITIONS = DEBUG;
				GCC_VERSION = "";
				GCC_WARN_ABOUT_RETURN_TYPE = YES;
				GCC_WARN_UNUSED_VARIABLE = YES;
				IPHONEOS_DEPLOYMENT_TARGET = 4.0;
				PREBINDING = NO;
				SDKROOT = iphonesimulator4.0;
			};
			name = Debug;
		};
		BF66D8CB123D0D3A00CAA11E /* Release */ = {
			isa = XCBuildConfiguration;
			buildSettings = {
				ARCHS = "$(ARCHS_STANDARD_32_BIT)";
				"CODE_SIGN_IDENTITY[sdk=iphoneos*]" = "iPhone Developer";
				GCC_C_LANGUAGE_STANDARD = gnu99;
				GCC_VERSION = "";
				GCC_WARN_ABOUT_RETURN_TYPE = YES;
				GCC_WARN_UNUSED_VARIABLE = YES;
				IPHONEOS_DEPLOYMENT_TARGET = 4.0;
				OTHER_CFLAGS = "-DNS_BLOCK_ASSERTIONS=1";
				PREBINDING = NO;
				SDKROOT = iphonesimulator4.0;
			};
			name = Release;
		};
		BF66D8CD123D0D3A00CAA11E /* Debug */ = {
			isa = XCBuildConfiguration;
			buildSettings = {
				ALWAYS_SEARCH_USER_PATHS = NO;
				COPY_PHASE_STRIP = NO;
				GCC_DYNAMIC_NO_PIC = NO;
				GCC_PRECOMPILE_PREFIX_HEADER = YES;
				GCC_PREFIX_HEADER = UM2_Cal_Prefix.pch;
				GCC_VERSION = com.apple.compilers.llvm.clang.1_0;
				INFOPLIST_FILE = "UM2_Cal-Info.plist";
				PRODUCT_NAME = "UM2 Cal";
				WRAPPER_EXTENSION = app;
			};
			name = Debug;
		};
		BF66D8CE123D0D3A00CAA11E /* Release */ = {
			isa = XCBuildConfiguration;
			buildSettings = {
				ALWAYS_SEARCH_USER_PATHS = NO;
				COPY_PHASE_STRIP = YES;
				GCC_PRECOMPILE_PREFIX_HEADER = YES;
				GCC_PREFIX_HEADER = UM2_Cal_Prefix.pch;
				GCC_VERSION = com.apple.compilers.llvm.clang.1_0;
				INFOPLIST_FILE = "UM2_Cal-Info.plist";
				PRODUCT_NAME = "UM2 Cal";
				VALIDATE_PRODUCT = YES;
				WRAPPER_EXTENSION = app;
			};
			name = Release;
		};
/* End XCBuildConfiguration section */

/* Begin XCConfigurationList section */
		BF66D8A4123D0D3900CAA11E /* Build configuration list for PBXProject "UM2 Cal" */ = {
			isa = XCConfigurationList;
			buildConfigurations = (
				BF66D8CA123D0D3A00CAA11E /* Debug */,
				BF66D8CB123D0D3A00CAA11E /* Release */,
			);
			defaultConfigurationIsVisible = 0;
			defaultConfigurationName = Release;
		};
		BF66D8CC123D0D3A00CAA11E /* Build configuration list for PBXNativeTarget "UM2 Cal" */ = {
			isa = XCConfigurationList;
			buildConfigurations = (
				BF66D8CD123D0D3A00CAA11E /* Debug */,
				BF66D8CE123D0D3A00CAA11E /* Release */,
			);
			defaultConfigurationIsVisible = 0;
			defaultConfigurationName = Release;
		};
/* End XCConfigurationList section */
	};
	rootObject = BF66D8A1123D0D3900CAA11E /* Project object */;
}
