// !$*UTF8*$!
{
	archiveVersion = 1;
	classes = {
	};
	objectVersion = 46;
	objects = {

/* Begin PBXBuildFile section */
		BF66D8B2123D0D3900CAA11E /* UIKit.framework in Frameworks */ = {isa = PBXBuildFile; fileRef = BF66D8B1123D0D3900CAA11E /* UIKit.framework */; };
		BF66D8B4123D0D3900CAA11E /* Foundation.framework in Frameworks */ = {isa = PBXBuildFile; fileRef = BF66D8B3123D0D3900CAA11E /* Foundation.framework */; };
		BF66D8B6123D0D3900CAA11E /* CoreGraphics.framework in Frameworks */ = {isa = PBXBuildFile; fileRef = BF66D8B5123D0D3900CAA11E /* CoreGraphics.framework */; };
		BF66D8BB123D0D3900CAA11E /* InfoPlist.strings in Resources */ = {isa = PBXBuildFile; fileRef = BF66D8B9123D0D3900CAA11E /* InfoPlist.strings */; };
		BF66D8BD123D0D3900CAA11E /* main.m in Sources */ = {isa = PBXBuildFile; fileRef = BF66D8BC123D0D3900CAA11E /* main.m */; };
		BF66D8C0123D0D3900CAA11E /* UM2_CalAppDelegate.m in Sources */ = {isa = PBXBuildFile; fileRef = BF66D8BF123D0D3900CAA11E /* UM2_CalAppDelegate.m */; };
		BF66D8C3123D0D3900CAA11E /* MainWindow.xib in Resources */ = {isa = PBXBuildFile; fileRef = BF66D8C1123D0D3900CAA11E /* MainWindow.xib */; };
		BF66D8C6123D0D3A00CAA11E /* RootViewController.m in Sources */ = {isa = PBXBuildFile; fileRef = BF66D8C5123D0D3A00CAA11E /* RootViewController.m */; };
		BF66D8C9123D0D3A00CAA11E /* RootViewController.xib in Resources */ = {isa = PBXBuildFile; fileRef = BF66D8C7123D0D3A00CAA11E /* RootViewController.xib */; };
		BF66D8DC123D10ED00CAA11E /* Cours.m in Sources */ = {isa = PBXBuildFile; fileRef = BF66D8DB123D10ED00CAA11E /* Cours.m */; };
		BF66D8DE123D167900CAA11E /* icon.png in Resources */ = {isa = PBXBuildFile; fileRef = BF66D8DD123D167800CAA11E /* icon.png */; };
/* End PBXBuildFile section */

/* Begin PBXFileReference section */
		BF66D8AE123D0D3900CAA11E /* UM2 Cal.app */ = {isa = PBXFileReference; explicitFileType = wrapper.application; includeInIndex = 0; path = "UM2 Cal.app"; sourceTree = BUILT_PRODUCTS_DIR; };
		BF66D8B1123D0D3900CAA11E /* UIKit.framework */ = {isa = PBXFileReference; lastKnownFileType = wrapper.framework; name = UIKit.framework; path = System/Library/Frameworks/UIKit.framework; sourceTree = SDKROOT; };
		BF66D8B3123D0D3900CAA11E /* Foundation.framework */ = {isa = PBXFileReference; lastKnownFileType = wrapper.framework; name = Foundation.framework; path = System/Library/Frameworks/Foundation.framework; sourceTree = SDKROOT; };
		BF66D8B5123D0D3900CAA11E /* CoreGraphics.framework */ = {isa = PBXFileReference; lastKnownFileType = wrapper.framework; name = CoreGraphics.framework; path = System/Library/Frameworks/CoreGraphics.framework; sourceTree = SDKROOT; };
		BF66D8B7123D0D3900CAA11E /* UM2_Cal-Info.plist */ = {isa = PBXFileReference; lastKnownFileType = text.plist.xml; path = "UM2_Cal-Info.plist"; sourceTree = "<group>"; };
		BF66D8B8123D0D3900CAA11E /* UM2_Cal_Prefix.pch */ = {isa = PBXFileReference; lastKnownFileType = sourcecode.c.h; path = UM2_Cal_Prefix.pch; sourceTree = "<group>"; };
		BF66D8BA123D0D3900CAA11E /* en */ = {isa = PBXFileReference; lastKnownFileType = text.plist.strings; name = en; path = en.lproj/InfoPlist.strings; sourceTree = "<group>"; };
		BF66D8BC123D0D3900CAA11E /* main.m */ = {isa = PBXFileReference; lastKnownFileType = sourcecode.c.objc; path = main.m; sourceTree = "<group>"; };
		BF66D8BE123D0D3900CAA11E /* UM2_CalAppDelegate.h */ = {isa = PBXFileReference; lastKnownFileType = sourcecode.c.h; path = UM2_CalAppDelegate.h; sourceTree = "<group>"; };
		BF66D8BF123D0D3900CAA11E /* UM2_CalAppDelegate.m */ = {isa = PBXFileReference; lastKnownFileType = sourcecode.c.objc; path = UM2_CalAppDelegate.m; sourceTree = "<group>"; };
		BF66D8C2123D0D3900CAA11E /* en */ = {isa = PBXFileReference; lastKnownFileType = file.xib; name = en; path = en.lproj/MainWindow.xib; sourceTree = "<group>"; };
		BF66D8C4123D0D3900CAA11E /* RootViewController.h */ = {isa = PBXFileReference; lastKnownFileType = sourcecode.c.h; path = RootViewController.h; sourceTree = "<group>"; };
		BF66D8C5123D0D3A00CAA11E /* RootViewController.m */ = {isa = PBXFileReference; lastKnownFileType = sourcecode.c.objc; path = RootViewController.m; sourceTree = "<group>"; };
		BF66D8C8123D0D3A00CAA11E /* en */ = {isa = PBXFileReference; lastKnownFileType = file.xib; name = en; path = en.lproj/RootViewController.xib; sourceTree = "<group>"; };
		BF66D8DA123D10ED00CAA11E /* Cours.h */ = {isa = PBXFileReference; fileEncoding = 4; lastKnownFileType = sourcecode.c.h; name = Cours.h; path = Models/Cours.h; sourceTree = "<group>"; };
		BF66D8DB123D10ED00CAA11E /* Cours.m */ = {isa = PBXFileReference; fileEncoding = 4; lastKnownFileType = sourcecode.c.objc; name = Cours.m; path = Models/Cours.m; sourceTree = "<group>"; };
		BF66D8DD123D167800CAA11E /* icon.png */ = {isa = PBXFileReference; lastKnownFileType = image.png; path = icon.png; sourceTree = "<group>"; };
/* End PBXFileReference section */

/* Begin PBXFrameworksBuildPhase section */
		BF66D8AB123D0D3900CAA11E /* Frameworks */ = {
			isa = PBXFrameworksBuildPhase;
			buildActionMask = 2147483647;
			files = (
				BF66D8B2123D0D3900CAA11E /* UIKit.framework in Frameworks */,
				BF66D8B4123D0D3900CAA11E /* Foundation.framework in Frameworks */,
				BF66D8B6123D0D3900CAA11E /* CoreGraphics.framework in Frameworks */,
			);
			runOnlyForDeploymentPostprocessing = 0;
		};
/* End PBXFrameworksBuildPhase section */

/* Begin PBXGroup section */
		BF66D89F123D0D3900CAA11E = {
			isa = PBXGroup;
			children = (
				BF66D8A6123D0D3900CAA11E /* Classes */,
				BF66D8A7123D0D3900CAA11E /* Other Sources */,
				BF66D8A8123D0D3900CAA11E /* Resources */,
				BF66D8A9123D0D3900CAA11E /* Frameworks */,
				BF66D8AF123D0D3900CAA11E /* Products */,
			);
			sourceTree = "<group>";
		};
		BF66D8A6123D0D3900CAA11E /* Classes */ = {
			isa = PBXGroup;
			children = (
				BF66D8D8123D0FBB00CAA11E /* Models */,
				BF66D8BE123D0D3900CAA11E /* UM2_CalAppDelegate.h */,
				BF66D8BF123D0D3900CAA11E /* UM2_CalAppDelegate.m */,
				BF66D8C4123D0D3900CAA11E /* RootViewController.h */,
				BF66D8C5123D0D3A00CAA11E /* RootViewController.m */,
			);
			path = Classes;
			sourceTree = "<group>";
		};
		BF66D8A7123D0D3900CAA11E /* Other Sources */ = {
			isa = PBXGroup;
			children = (
				BF66D8B8123D0D3900CAA11E /* UM2_Cal_Prefix.pch */,
				BF66D8BC123D0D3900CAA11E /* main.m */,
			);
			name = "Other Sources";
			sourceTree = "<group>";
		};
		BF66D8A8123D0D3900CAA11E /* Resources */ = {
			isa = PBXGroup;
			children = (
				BF66D8DD123D167800CAA11E /* icon.png */,
				BF66D8B7123D0D3900CAA11E /* UM2_Cal-Info.plist */,
				BF66D8B9123D0D3900CAA11E /* InfoPlist.strings */,
				BF66D8C1123D0D3900CAA11E /* MainWindow.xib */,
				BF66D8C7123D0D3A00CAA11E /* RootViewController.xib */,
			);
			name = Resources;
			sourceTree = "<group>";
		};
		BF66D8A9123D0D3900CAA11E /* Frameworks */ = {
			isa = PBXGroup;
			children = (
				BF66D8B1123D0D3900CAA11E /* UIKit.framework */,
				BF66D8B3123D0D3900CAA11E /* Foundation.framework */,
				BF66D8B5123D0D3900CAA11E /* CoreGraphics.framework */,
			);
			name = Frameworks;
			sourceTree = "<group>";
		};
		BF66D8AF123D0D3900CAA11E /* Products */ = {
			isa = PBXGroup;
			children = (
				BF66D8AE123D0D3900CAA11E /* UM2 Cal.app */,
			);
			name = Products;
			sourceTree = "<group>";
		};
		BF66D8D8123D0FBB00CAA11E /* Models */ = {
			isa = PBXGroup;
			children = (
				BF66D8DA123D10ED00CAA11E /* Cours.h */,
				BF66D8DB123D10ED00CAA11E /* Cours.m */,
			);
			name = Models;
			sourceTree = "<group>";
		};
/* End PBXGroup section */

/* Begin PBXNativeTarget section */
		BF66D8AD123D0D3900CAA11E /* UM2 Cal */ = {
			isa = PBXNativeTarget;
			buildConfigurationList = BF66D8CC123D0D3A00CAA11E /* Build configuration list for PBXNativeTarget "UM2 Cal" */;
			buildPhases = (
				BF66D8AA123D0D3900CAA11E /* Sources */,
				BF66D8AB123D0D3900CAA11E /* Frameworks */,
				BF66D8AC123D0D3900CAA11E /* Resources */,
			);
			buildRules = (
			);
			dependencies = (
			);
			name = "UM2 Cal";
			productName = "UM2 Cal";
			productReference = BF66D8AE123D0D3900CAA11E /* UM2 Cal.app */;
			productType = "com.apple.product-type.application";
		};
/* End PBXNativeTarget section */

/* Begin PBXProject section */
		BF66D8A1123D0D3900CAA11E /* Project object */ = {
			isa = PBXProject;
			attributes = {
				ORGANIZATIONNAME = "Universite Montpellier 2";
			};
			buildConfigurationList = BF66D8A4123D0D3900CAA11E /* Build configuration list for PBXProject "UM2 Cal" */;
			compatibilityVersion = "Xcode 3.2";
			developmentRegion = English;
			hasScannedForEncodings = 0;
			knownRegions = (
				en,
			);
			mainGroup = BF66D89F123D0D3900CAA11E;
			productRefGroup = BF66D8AF123D0D3900CAA11E /* Products */;
			projectDirPath = "";
			projectRoot = "";
			targets = (
				BF66D8AD123D0D3900CAA11E /* UM2 Cal */,
			);
		};
/* End PBXProject section */

/* Begin PBXResourcesBuildPhase section */
		BF66D8AC123D0D3900CAA11E /* Resources */ = {
			isa = PBXResourcesBuildPhase;
			buildActionMask = 2147483647;
			files = (
				BF66D8BB123D0D3900CAA11E /* InfoPlist.strings in Resources */,
				BF66D8C3123D0D3900CAA11E /* MainWindow.xib in Resources */,
				BF66D8C9123D0D3A00CAA11E /* RootViewController.xib in Resources */,
				BF66D8DE123D167900CAA11E /* icon.png in Resources */,
			);
			runOnlyForDeploymentPostprocessing = 0;
		};
/* End PBXResourcesBuildPhase section */

/* Begin PBXSourcesBuildPhase section */
		BF66D8AA123D0D3900CAA11E /* Sources */ = {
			isa = PBXSourcesBuildPhase;
			buildActionMask = 2147483647;
			files = (
				BF66D8BD123D0D3900CAA11E /* main.m in Sources */,
				BF66D8C0123D0D3900CAA11E /* UM2_CalAppDelegate.m in Sources */,
				BF66D8C6123D0D3A00CAA11E /* RootViewController.m in Sources */,
				BF66D8DC123D10ED00CAA11E /* Cours.m in Sources */,
			);
			runOnlyForDeploymentPostprocessing = 0;
		};
/* End PBXSourcesBuildPhase section */

/* Begin PBXVariantGroup section */
		BF66D8B9123D0D3900CAA11E /* InfoPlist.strings */ = {
			isa = PBXVariantGroup;
			children = (
				BF66D8BA123D0D3900CAA11E /* en */,
			);
			name = InfoPlist.strings;
			sourceTree = "<group>";
		};
		BF66D8C1123D0D3900CAA11E /* MainWindow.xib */ = {
			isa = PBXVariantGroup;
			children = (
				BF66D8C2123D0D3900CAA11E /* en */,
			);
			name = MainWindow.xib;
			sourceTree = "<group>";
		};
		BF66D8C7123D0D3A00CAA11E /* RootViewController.xib */ = {
			isa = PBXVariantGroup;
			children = (
				BF66D8C8123D0D3A00CAA11E /* en */,
			);
			name = RootViewController.xib;
			sourceTree = "<group>";
		};
/* End PBXVariantGroup section */

/* Begin XCBuildConfiguration section */
		BF66D8CA123D0D3A00CAA11E /* Debug */ = {
			isa = XCBuildConfiguration;
			buildSettings = {
				ARCHS = "$(ARCHS_STANDARD_32_BIT)";
				"CODE_SIGN_IDENTITY[sdk=iphoneos*]" = "iPhone Developer";
				GCC_C_LANGUAGE_STANDARD = gnu99;
				GCC_OPTIMIZATION_LEVEL = 0;
				GCC_PREPROCESSOR_DEFINITIONS = DEBUG;
				GCC_WARN_ABOUT_RETURN_TYPE = YES;
				GCC_WARN_UNUSED_VARIABLE = YES;
				IPHONEOS_DEPLOYMENT_TARGET = 4.0;
				PREBINDING = NO;
				SDKROOT = iphoneos4.1;
			};
			name = Debug;
		};
		BF66D8CB123D0D3A00CAA11E /* Release */ = {
			isa = XCBuildConfiguration;
			buildSettings = {
				ARCHS = "$(ARCHS_STANDARD_32_BIT)";
				"CODE_SIGN_IDENTITY[sdk=iphoneos*]" = "iPhone Developer";
				GCC_C_LANGUAGE_STANDARD = gnu99;
				GCC_WARN_ABOUT_RETURN_TYPE = YES;
				GCC_WARN_UNUSED_VARIABLE = YES;
				IPHONEOS_DEPLOYMENT_TARGET = 4.0;
				OTHER_CFLAGS = "-DNS_BLOCK_ASSERTIONS=1";
				PREBINDING = NO;
				SDKROOT = iphoneos4.1;
			};
			name = Release;
		};
		BF66D8CD123D0D3A00CAA11E /* Debug */ = {
			isa = XCBuildConfiguration;
			buildSettings = {
				ALWAYS_SEARCH_USER_PATHS = NO;
				COPY_PHASE_STRIP = NO;
				GCC_DYNAMIC_NO_PIC = NO;
				GCC_PRECOMPILE_PREFIX_HEADER = YES;
				GCC_PREFIX_HEADER = UM2_Cal_Prefix.pch;
				INFOPLIST_FILE = "UM2_Cal-Info.plist";
				PRODUCT_NAME = "UM2 Cal";
				WRAPPER_EXTENSION = app;
			};
			name = Debug;
		};
		BF66D8CE123D0D3A00CAA11E /* Release */ = {
			isa = XCBuildConfiguration;
			buildSettings = {
				ALWAYS_SEARCH_USER_PATHS = NO;
				COPY_PHASE_STRIP = YES;
				GCC_PRECOMPILE_PREFIX_HEADER = YES;
				GCC_PREFIX_HEADER = UM2_Cal_Prefix.pch;
				INFOPLIST_FILE = "UM2_Cal-Info.plist";
				PRODUCT_NAME = "UM2 Cal";
				VALIDATE_PRODUCT = YES;
				WRAPPER_EXTENSION = app;
			};
			name = Release;
		};
/* End XCBuildConfiguration section */

/* Begin XCConfigurationList section */
		BF66D8A4123D0D3900CAA11E /* Build configuration list for PBXProject "UM2 Cal" */ = {
			isa = XCConfigurationList;
			buildConfigurations = (
				BF66D8CA123D0D3A00CAA11E /* Debug */,
				BF66D8CB123D0D3A00CAA11E /* Release */,
			);
			defaultConfigurationIsVisible = 0;
			defaultConfigurationName = Release;
		};
		BF66D8CC123D0D3A00CAA11E /* Build configuration list for PBXNativeTarget "UM2 Cal" */ = {
			isa = XCConfigurationList;
			buildConfigurations = (
				BF66D8CD123D0D3A00CAA11E /* Debug */,
				BF66D8CE123D0D3A00CAA11E /* Release */,
			);
			defaultConfigurationIsVisible = 0;
			defaultConfigurationName = Release;
		};
/* End XCConfigurationList section */
	};
	rootObject = BF66D8A1123D0D3900CAA11E /* Project object */;
}
